{
  "name": "JS",
  "lockfileVersion": 3,
  "requires": true,
  "packages": {
    "": {
      "dependencies": {
        "babylonjs": "^7.33.0"
      }
    },
    "node_modules/babylonjs": {
      "version": "7.33.0",
      "resolved": "https://registry.npmjs.org/babylonjs/-/babylonjs-7.33.0.tgz",
      "integrity": "sha512-qkfHW7GZn6LW2ob+DxAdBtBS9eOp5afO7AVMoquIiXIvQBu8CbF5PliSxqcmRPMpPCugUNFNvESCCaCw+4DNyg==",
      "hasInstallScript": true,
      "license": "Apache-2.0"
    }
  }
}
